// !$*UTF8*$!
{
	archiveVersion = 1;
	classes = {
	};
	objectVersion = 48;
	objects = {

/* Begin PBXBuildFile section */
		ECB62E9020202198009C85FE /* AppDelegate.swift in Sources */ = {isa = PBXBuildFile; fileRef = ECB62E8F20202198009C85FE /* AppDelegate.swift */; };
		ECB62E9820202198009C85FE /* Usuarios.xcdatamodeld in Sources */ = {isa = PBXBuildFile; fileRef = ECB62E9620202198009C85FE /* Usuarios.xcdatamodeld */; };
		ECB62E9A20202198009C85FE /* Assets.xcassets in Resources */ = {isa = PBXBuildFile; fileRef = ECB62E9920202198009C85FE /* Assets.xcassets */; };
		ECB62E9D20202198009C85FE /* LaunchScreen.storyboard in Resources */ = {isa = PBXBuildFile; fileRef = ECB62E9B20202198009C85FE /* LaunchScreen.storyboard */; };
		ECB62EA820202198009C85FE /* UsuariosTests.swift in Sources */ = {isa = PBXBuildFile; fileRef = ECB62EA720202198009C85FE /* UsuariosTests.swift */; };
		ECB62EB620202C7A009C85FE /* Authenticate.storyboard in Resources */ = {isa = PBXBuildFile; fileRef = ECB62EB520202C7A009C85FE /* Authenticate.storyboard */; };
		ECB62EB8202032AC009C85FE /* Home.storyboard in Resources */ = {isa = PBXBuildFile; fileRef = ECB62EB7202032AC009C85FE /* Home.storyboard */; };
		ECB62EBA202032BF009C85FE /* Draw.storyboard in Resources */ = {isa = PBXBuildFile; fileRef = ECB62EB9202032BF009C85FE /* Draw.storyboard */; };
		ECB62EBC202032D0009C85FE /* Users.storyboard in Resources */ = {isa = PBXBuildFile; fileRef = ECB62EBB202032D0009C85FE /* Users.storyboard */; };
		ECB62EC62020375D009C85FE /* SessionRouter.swift in Sources */ = {isa = PBXBuildFile; fileRef = ECB62EC52020375D009C85FE /* SessionRouter.swift */; };
		ECB62EC82020379B009C85FE /* SessionRouterInput.swift in Sources */ = {isa = PBXBuildFile; fileRef = ECB62EC72020379B009C85FE /* SessionRouterInput.swift */; };
		ECB62ECC202038BF009C85FE /* LoginViewController.swift in Sources */ = {isa = PBXBuildFile; fileRef = ECB62ECB202038BF009C85FE /* LoginViewController.swift */; };
		ECB62ECE202038CB009C85FE /* HomeViewController.swift in Sources */ = {isa = PBXBuildFile; fileRef = ECB62ECD202038CB009C85FE /* HomeViewController.swift */; };
		ECB62ED120203A5B009C85FE /* LoginViewControllerFactory.swift in Sources */ = {isa = PBXBuildFile; fileRef = ECB62ED020203A5B009C85FE /* LoginViewControllerFactory.swift */; };
		ECB62ED720203BB3009C85FE /* SessionRouterFactory.swift in Sources */ = {isa = PBXBuildFile; fileRef = ECB62ED620203BB3009C85FE /* SessionRouterFactory.swift */; };
		ECB62F0020204C8D009C85FE /* UsuariosDataManager.swift in Sources */ = {isa = PBXBuildFile; fileRef = ECB62EFF20204C8D009C85FE /* UsuariosDataManager.swift */; };
		ECB62F0320204D4B009C85FE /* UsuariosDataManagerFactory.swift in Sources */ = {isa = PBXBuildFile; fileRef = ECB62F0220204D4B009C85FE /* UsuariosDataManagerFactory.swift */; };
		ECB62F0A2020506E009C85FE /* LoginDataManagerType.swift in Sources */ = {isa = PBXBuildFile; fileRef = ECB62F092020506E009C85FE /* LoginDataManagerType.swift */; };
		ECB62F0C2020508F009C85FE /* LoginDataManager.swift in Sources */ = {isa = PBXBuildFile; fileRef = ECB62F0B2020508F009C85FE /* LoginDataManager.swift */; };
		ECB62F1B2020671A009C85FE /* UserPersistable.swift in Sources */ = {isa = PBXBuildFile; fileRef = ECB62F1A2020671A009C85FE /* UserPersistable.swift */; };
		ECB62F1D2020687B009C85FE /* User.swift in Sources */ = {isa = PBXBuildFile; fileRef = ECB62F1C2020687B009C85FE /* User.swift */; };
		ECB62F2220206900009C85FE /* ErrorType.swift in Sources */ = {isa = PBXBuildFile; fileRef = ECB62F2120206900009C85FE /* ErrorType.swift */; };
		ECB62F2520206A0C009C85FE /* String+Constants.swift in Sources */ = {isa = PBXBuildFile; fileRef = ECB62F2420206A0C009C85FE /* String+Constants.swift */; };
		ECB62F2720206BF2009C85FE /* ResultData.swift in Sources */ = {isa = PBXBuildFile; fileRef = ECB62F2620206BF2009C85FE /* ResultData.swift */; };
		ECB62F2C20208021009C85FE /* LoginRouter.swift in Sources */ = {isa = PBXBuildFile; fileRef = ECB62F2B20208021009C85FE /* LoginRouter.swift */; };
		ECB62F2E20208148009C85FE /* LoginRouterInput.swift in Sources */ = {isa = PBXBuildFile; fileRef = ECB62F2D20208148009C85FE /* LoginRouterInput.swift */; };
		ECB62F3020208557009C85FE /* LoginRouterFactory.swift in Sources */ = {isa = PBXBuildFile; fileRef = ECB62F2F20208557009C85FE /* LoginRouterFactory.swift */; };
		ECB62F3220208607009C85FE /* LoginPresenter.swift in Sources */ = {isa = PBXBuildFile; fileRef = ECB62F3120208607009C85FE /* LoginPresenter.swift */; };
		ECB62F34202086AB009C85FE /* LoginPresenterFactory.swift in Sources */ = {isa = PBXBuildFile; fileRef = ECB62F33202086AB009C85FE /* LoginPresenterFactory.swift */; };
		ECB62F3620208775009C85FE /* LoginInteractor.swift in Sources */ = {isa = PBXBuildFile; fileRef = ECB62F3520208775009C85FE /* LoginInteractor.swift */; };
		ECB62F3820208918009C85FE /* LoginInteractorFactory.swift in Sources */ = {isa = PBXBuildFile; fileRef = ECB62F3720208918009C85FE /* LoginInteractorFactory.swift */; };
		ECB62F3A20208C31009C85FE /* LoginDataManagerFactory.swift in Sources */ = {isa = PBXBuildFile; fileRef = ECB62F3920208C31009C85FE /* LoginDataManagerFactory.swift */; };
		ECB62F3D202094C6009C85FE /* AlertError.swift in Sources */ = {isa = PBXBuildFile; fileRef = ECB62F3C202094C6009C85FE /* AlertError.swift */; };
		ECB62F3F202097A2009C85FE /* RegisterDataManagerType.swift in Sources */ = {isa = PBXBuildFile; fileRef = ECB62F3E202097A2009C85FE /* RegisterDataManagerType.swift */; };
		ECB62F41202097CB009C85FE /* RegisterDataManager.swift in Sources */ = {isa = PBXBuildFile; fileRef = ECB62F40202097CB009C85FE /* RegisterDataManager.swift */; };
		ECB62F4320209980009C85FE /* RegisterDataManagerFactory.swift in Sources */ = {isa = PBXBuildFile; fileRef = ECB62F4220209980009C85FE /* RegisterDataManagerFactory.swift */; };
		ECB62F4520209A3D009C85FE /* RegisterRouterInput.swift in Sources */ = {isa = PBXBuildFile; fileRef = ECB62F4420209A3D009C85FE /* RegisterRouterInput.swift */; };
		ECB62F4720209A4A009C85FE /* RegisterRouter.swift in Sources */ = {isa = PBXBuildFile; fileRef = ECB62F4620209A4A009C85FE /* RegisterRouter.swift */; };
		ECB62F4920209BDB009C85FE /* RegisterViewController.swift in Sources */ = {isa = PBXBuildFile; fileRef = ECB62F4820209BDB009C85FE /* RegisterViewController.swift */; };
		ECB62F4B20209CAD009C85FE /* RegisterInteractor.swift in Sources */ = {isa = PBXBuildFile; fileRef = ECB62F4A20209CAD009C85FE /* RegisterInteractor.swift */; };
		ECB62F4D20209CDD009C85FE /* RegisterPresenter.swift in Sources */ = {isa = PBXBuildFile; fileRef = ECB62F4C20209CDD009C85FE /* RegisterPresenter.swift */; };
		ECB62F5120209D1C009C85FE /* RegisterPresenterFactory.swift in Sources */ = {isa = PBXBuildFile; fileRef = ECB62F5020209D1C009C85FE /* RegisterPresenterFactory.swift */; };
		ECB62F5320209EA4009C85FE /* RegisterInteractorFactory.swift in Sources */ = {isa = PBXBuildFile; fileRef = ECB62F5220209EA4009C85FE /* RegisterInteractorFactory.swift */; };
		ECB62F5520209EDD009C85FE /* RegisterRouterFactory.swift in Sources */ = {isa = PBXBuildFile; fileRef = ECB62F5420209EDD009C85FE /* RegisterRouterFactory.swift */; };
		ECB62F582020A502009C85FE /* ValidateString.swift in Sources */ = {isa = PBXBuildFile; fileRef = ECB62F572020A502009C85FE /* ValidateString.swift */; };
		ECB62F5D2020B07D009C85FE /* Injectable.swift in Sources */ = {isa = PBXBuildFile; fileRef = ECB62F5C2020B07D009C85FE /* Injectable.swift */; };
		ECB62F612020B6FC009C85FE /* HomeTableViewCell.swift in Sources */ = {isa = PBXBuildFile; fileRef = ECB62F5F2020B6FC009C85FE /* HomeTableViewCell.swift */; };
		ECB62F622020B6FC009C85FE /* HomeTableViewCell.xib in Resources */ = {isa = PBXBuildFile; fileRef = ECB62F602020B6FC009C85FE /* HomeTableViewCell.xib */; };
		ECB62F652020BA7D009C85FE /* TableDataSource.swift in Sources */ = {isa = PBXBuildFile; fileRef = ECB62F642020BA7D009C85FE /* TableDataSource.swift */; };
		ECB62F672020BAA1009C85FE /* ViewCellHandler.swift in Sources */ = {isa = PBXBuildFile; fileRef = ECB62F662020BAA1009C85FE /* ViewCellHandler.swift */; };
		ECB62F6A2020BAEA009C85FE /* Identifiable.swift in Sources */ = {isa = PBXBuildFile; fileRef = ECB62F692020BAEA009C85FE /* Identifiable.swift */; };
		ECB62F6D20212D2F009C85FE /* HomeRouter.swift in Sources */ = {isa = PBXBuildFile; fileRef = ECB62F6C20212D2F009C85FE /* HomeRouter.swift */; };
		ECB62F6F20212D4A009C85FE /* HomeRouterInput.swift in Sources */ = {isa = PBXBuildFile; fileRef = ECB62F6E20212D4A009C85FE /* HomeRouterInput.swift */; };
		ECB62F7320212EAC009C85FE /* DrawViewController.swift in Sources */ = {isa = PBXBuildFile; fileRef = ECB62F7220212EAC009C85FE /* DrawViewController.swift */; };
		ECB62F7620212EDD009C85FE /* UserListViewController.swift in Sources */ = {isa = PBXBuildFile; fileRef = ECB62F7520212EDD009C85FE /* UserListViewController.swift */; };
		ECB62F7920213053009C85FE /* ItemHomeType.swift in Sources */ = {isa = PBXBuildFile; fileRef = ECB62F7820213053009C85FE /* ItemHomeType.swift */; };
		ECB62F7B2021331D009C85FE /* HomeRouterFactory.swift in Sources */ = {isa = PBXBuildFile; fileRef = ECB62F7A2021331D009C85FE /* HomeRouterFactory.swift */; };
		ECB62F7D2021336E009C85FE /* HomeNavigationControllerFactory.swift in Sources */ = {isa = PBXBuildFile; fileRef = ECB62F7C2021336E009C85FE /* HomeNavigationControllerFactory.swift */; };
		ECB62F802021348F009C85FE /* DrawViewControllerFactory.swift in Sources */ = {isa = PBXBuildFile; fileRef = ECB62F7F2021348F009C85FE /* DrawViewControllerFactory.swift */; };
		ECB62F8320213543009C85FE /* UserListViewControllerFactory.swift in Sources */ = {isa = PBXBuildFile; fileRef = ECB62F8220213543009C85FE /* UserListViewControllerFactory.swift */; };
		ECB62F8920213918009C85FE /* UserListDataManager.swift in Sources */ = {isa = PBXBuildFile; fileRef = ECB62F8820213918009C85FE /* UserListDataManager.swift */; };
		ECB62F8B2021392B009C85FE /* UserListDataManagerType.swift in Sources */ = {isa = PBXBuildFile; fileRef = ECB62F8A2021392B009C85FE /* UserListDataManagerType.swift */; };
		ECB62F8D20213B8A009C85FE /* UserListDataManagerFactory.swift in Sources */ = {isa = PBXBuildFile; fileRef = ECB62F8C20213B8A009C85FE /* UserListDataManagerFactory.swift */; };
		ECB62F8F20213BF9009C85FE /* UserListPresenter.swift in Sources */ = {isa = PBXBuildFile; fileRef = ECB62F8E20213BF9009C85FE /* UserListPresenter.swift */; };
		ECB62F9120213C33009C85FE /* UserListPresenterFactory.swift in Sources */ = {isa = PBXBuildFile; fileRef = ECB62F9020213C33009C85FE /* UserListPresenterFactory.swift */; };
		ECB62F9320213CF5009C85FE /* UserListInteractor.swift in Sources */ = {isa = PBXBuildFile; fileRef = ECB62F9220213CF5009C85FE /* UserListInteractor.swift */; };
		ECB62F9520213E10009C85FE /* UserListInteractorFactory.swift in Sources */ = {isa = PBXBuildFile; fileRef = ECB62F9420213E10009C85FE /* UserListInteractorFactory.swift */; };
		ECB62F9820214165009C85FE /* UserTableViewCell.swift in Sources */ = {isa = PBXBuildFile; fileRef = ECB62F9620214165009C85FE /* UserTableViewCell.swift */; };
		ECB62F9920214165009C85FE /* UserTableViewCell.xib in Resources */ = {isa = PBXBuildFile; fileRef = ECB62F9720214165009C85FE /* UserTableViewCell.xib */; };
		ECB62F9D2021497A009C85FE /* UIViewController+Keyboard.swift in Sources */ = {isa = PBXBuildFile; fileRef = ECB62F9C2021497A009C85FE /* UIViewController+Keyboard.swift */; };
		ECB62FA820217841009C85FE /* DrawingPersistable.swift in Sources */ = {isa = PBXBuildFile; fileRef = ECB62FA620217841009C85FE /* DrawingPersistable.swift */; };
		ECB62FAC20217938009C85FE /* DrawingDataManagerType.swift in Sources */ = {isa = PBXBuildFile; fileRef = ECB62FAB20217938009C85FE /* DrawingDataManagerType.swift */; };
		ECB62FAE20217960009C85FE /* Drawing.swift in Sources */ = {isa = PBXBuildFile; fileRef = ECB62FAD20217960009C85FE /* Drawing.swift */; };
		ECB62FB020217A5E009C85FE /* DrawingDataManager.swift in Sources */ = {isa = PBXBuildFile; fileRef = ECB62FAF20217A5E009C85FE /* DrawingDataManager.swift */; };
		ECB62FB320218075009C85FE /* DataSession.swift in Sources */ = {isa = PBXBuildFile; fileRef = ECB62FB220218075009C85FE /* DataSession.swift */; };
		ECB62FB820226B2A009C85FE /* UIImage+Data.swift in Sources */ = {isa = PBXBuildFile; fileRef = ECB62FB720226B2A009C85FE /* UIImage+Data.swift */; };
		ECB62FBC20226EDC009C85FE /* DrawPresenter.swift in Sources */ = {isa = PBXBuildFile; fileRef = ECB62FBB20226EDC009C85FE /* DrawPresenter.swift */; };
		ECB62FBE20226F25009C85FE /* DrawInteractor.swift in Sources */ = {isa = PBXBuildFile; fileRef = ECB62FBD20226F25009C85FE /* DrawInteractor.swift */; };
		ECB62FC020227127009C85FE /* DrawInteractorFactory.swift in Sources */ = {isa = PBXBuildFile; fileRef = ECB62FBF20227127009C85FE /* DrawInteractorFactory.swift */; };
		ECB62FC220227135009C85FE /* DrawPresenterFactory.swift in Sources */ = {isa = PBXBuildFile; fileRef = ECB62FC120227135009C85FE /* DrawPresenterFactory.swift */; };
		ECB62FC4202271C7009C85FE /* DrawingDataManagerFactory.swift in Sources */ = {isa = PBXBuildFile; fileRef = ECB62FC3202271C7009C85FE /* DrawingDataManagerFactory.swift */; };
/* End PBXBuildFile section */

/* Begin PBXContainerItemProxy section */
		ECB62EA420202198009C85FE /* PBXContainerItemProxy */ = {
			isa = PBXContainerItemProxy;
			containerPortal = ECB62E8420202198009C85FE /* Project object */;
			proxyType = 1;
			remoteGlobalIDString = ECB62E8B20202198009C85FE;
			remoteInfo = Usuarios;
		};
/* End PBXContainerItemProxy section */

/* Begin PBXFileReference section */
		ECB62E8C20202198009C85FE /* Usuarios.app */ = {isa = PBXFileReference; explicitFileType = wrapper.application; includeInIndex = 0; path = Usuarios.app; sourceTree = BUILT_PRODUCTS_DIR; };
		ECB62E8F20202198009C85FE /* AppDelegate.swift */ = {isa = PBXFileReference; lastKnownFileType = sourcecode.swift; path = AppDelegate.swift; sourceTree = "<group>"; };
		ECB62E9720202198009C85FE /* Usuarios.xcdatamodel */ = {isa = PBXFileReference; lastKnownFileType = wrapper.xcdatamodel; path = Usuarios.xcdatamodel; sourceTree = "<group>"; };
		ECB62E9920202198009C85FE /* Assets.xcassets */ = {isa = PBXFileReference; lastKnownFileType = folder.assetcatalog; path = Assets.xcassets; sourceTree = "<group>"; };
		ECB62E9C20202198009C85FE /* Base */ = {isa = PBXFileReference; lastKnownFileType = file.storyboard; name = Base; path = Base.lproj/LaunchScreen.storyboard; sourceTree = "<group>"; };
		ECB62E9E20202198009C85FE /* Info.plist */ = {isa = PBXFileReference; lastKnownFileType = text.plist.xml; path = Info.plist; sourceTree = "<group>"; };
		ECB62EA320202198009C85FE /* UsuariosTests.xctest */ = {isa = PBXFileReference; explicitFileType = wrapper.cfbundle; includeInIndex = 0; path = UsuariosTests.xctest; sourceTree = BUILT_PRODUCTS_DIR; };
		ECB62EA720202198009C85FE /* UsuariosTests.swift */ = {isa = PBXFileReference; lastKnownFileType = sourcecode.swift; path = UsuariosTests.swift; sourceTree = "<group>"; };
		ECB62EA920202198009C85FE /* Info.plist */ = {isa = PBXFileReference; lastKnownFileType = text.plist.xml; path = Info.plist; sourceTree = "<group>"; };
		ECB62EB520202C7A009C85FE /* Authenticate.storyboard */ = {isa = PBXFileReference; lastKnownFileType = file.storyboard; path = Authenticate.storyboard; sourceTree = "<group>"; };
		ECB62EB7202032AC009C85FE /* Home.storyboard */ = {isa = PBXFileReference; lastKnownFileType = file.storyboard; path = Home.storyboard; sourceTree = "<group>"; };
		ECB62EB9202032BF009C85FE /* Draw.storyboard */ = {isa = PBXFileReference; lastKnownFileType = file.storyboard; path = Draw.storyboard; sourceTree = "<group>"; };
		ECB62EBB202032D0009C85FE /* Users.storyboard */ = {isa = PBXFileReference; lastKnownFileType = file.storyboard; path = Users.storyboard; sourceTree = "<group>"; };
		ECB62EC52020375D009C85FE /* SessionRouter.swift */ = {isa = PBXFileReference; lastKnownFileType = sourcecode.swift; path = SessionRouter.swift; sourceTree = "<group>"; };
		ECB62EC72020379B009C85FE /* SessionRouterInput.swift */ = {isa = PBXFileReference; lastKnownFileType = sourcecode.swift; path = SessionRouterInput.swift; sourceTree = "<group>"; };
		ECB62ECB202038BF009C85FE /* LoginViewController.swift */ = {isa = PBXFileReference; lastKnownFileType = sourcecode.swift; path = LoginViewController.swift; sourceTree = "<group>"; };
		ECB62ECD202038CB009C85FE /* HomeViewController.swift */ = {isa = PBXFileReference; lastKnownFileType = sourcecode.swift; path = HomeViewController.swift; sourceTree = "<group>"; };
		ECB62ED020203A5B009C85FE /* LoginViewControllerFactory.swift */ = {isa = PBXFileReference; lastKnownFileType = sourcecode.swift; path = LoginViewControllerFactory.swift; sourceTree = "<group>"; };
		ECB62ED620203BB3009C85FE /* SessionRouterFactory.swift */ = {isa = PBXFileReference; lastKnownFileType = sourcecode.swift; path = SessionRouterFactory.swift; sourceTree = "<group>"; };
		ECB62EFF20204C8D009C85FE /* UsuariosDataManager.swift */ = {isa = PBXFileReference; lastKnownFileType = sourcecode.swift; path = UsuariosDataManager.swift; sourceTree = "<group>"; };
		ECB62F0220204D4B009C85FE /* UsuariosDataManagerFactory.swift */ = {isa = PBXFileReference; lastKnownFileType = sourcecode.swift; path = UsuariosDataManagerFactory.swift; sourceTree = "<group>"; };
		ECB62F092020506E009C85FE /* LoginDataManagerType.swift */ = {isa = PBXFileReference; lastKnownFileType = sourcecode.swift; path = LoginDataManagerType.swift; sourceTree = "<group>"; };
		ECB62F0B2020508F009C85FE /* LoginDataManager.swift */ = {isa = PBXFileReference; lastKnownFileType = sourcecode.swift; path = LoginDataManager.swift; sourceTree = "<group>"; };
		ECB62F1A2020671A009C85FE /* UserPersistable.swift */ = {isa = PBXFileReference; lastKnownFileType = sourcecode.swift; path = UserPersistable.swift; sourceTree = "<group>"; };
		ECB62F1C2020687B009C85FE /* User.swift */ = {isa = PBXFileReference; lastKnownFileType = sourcecode.swift; path = User.swift; sourceTree = "<group>"; };
		ECB62F2120206900009C85FE /* ErrorType.swift */ = {isa = PBXFileReference; lastKnownFileType = sourcecode.swift; path = ErrorType.swift; sourceTree = "<group>"; };
		ECB62F2420206A0C009C85FE /* String+Constants.swift */ = {isa = PBXFileReference; lastKnownFileType = sourcecode.swift; path = "String+Constants.swift"; sourceTree = "<group>"; };
		ECB62F2620206BF2009C85FE /* ResultData.swift */ = {isa = PBXFileReference; lastKnownFileType = sourcecode.swift; path = ResultData.swift; sourceTree = "<group>"; };
		ECB62F2B20208021009C85FE /* LoginRouter.swift */ = {isa = PBXFileReference; lastKnownFileType = sourcecode.swift; path = LoginRouter.swift; sourceTree = "<group>"; };
		ECB62F2D20208148009C85FE /* LoginRouterInput.swift */ = {isa = PBXFileReference; lastKnownFileType = sourcecode.swift; path = LoginRouterInput.swift; sourceTree = "<group>"; };
		ECB62F2F20208557009C85FE /* LoginRouterFactory.swift */ = {isa = PBXFileReference; lastKnownFileType = sourcecode.swift; path = LoginRouterFactory.swift; sourceTree = "<group>"; };
		ECB62F3120208607009C85FE /* LoginPresenter.swift */ = {isa = PBXFileReference; lastKnownFileType = sourcecode.swift; path = LoginPresenter.swift; sourceTree = "<group>"; };
		ECB62F33202086AB009C85FE /* LoginPresenterFactory.swift */ = {isa = PBXFileReference; lastKnownFileType = sourcecode.swift; path = LoginPresenterFactory.swift; sourceTree = "<group>"; };
		ECB62F3520208775009C85FE /* LoginInteractor.swift */ = {isa = PBXFileReference; lastKnownFileType = sourcecode.swift; path = LoginInteractor.swift; sourceTree = "<group>"; };
		ECB62F3720208918009C85FE /* LoginInteractorFactory.swift */ = {isa = PBXFileReference; lastKnownFileType = sourcecode.swift; path = LoginInteractorFactory.swift; sourceTree = "<group>"; };
		ECB62F3920208C31009C85FE /* LoginDataManagerFactory.swift */ = {isa = PBXFileReference; lastKnownFileType = sourcecode.swift; path = LoginDataManagerFactory.swift; sourceTree = "<group>"; };
		ECB62F3C202094C6009C85FE /* AlertError.swift */ = {isa = PBXFileReference; lastKnownFileType = sourcecode.swift; path = AlertError.swift; sourceTree = "<group>"; };
		ECB62F3E202097A2009C85FE /* RegisterDataManagerType.swift */ = {isa = PBXFileReference; lastKnownFileType = sourcecode.swift; path = RegisterDataManagerType.swift; sourceTree = "<group>"; };
		ECB62F40202097CB009C85FE /* RegisterDataManager.swift */ = {isa = PBXFileReference; lastKnownFileType = sourcecode.swift; path = RegisterDataManager.swift; sourceTree = "<group>"; };
		ECB62F4220209980009C85FE /* RegisterDataManagerFactory.swift */ = {isa = PBXFileReference; lastKnownFileType = sourcecode.swift; path = RegisterDataManagerFactory.swift; sourceTree = "<group>"; };
		ECB62F4420209A3D009C85FE /* RegisterRouterInput.swift */ = {isa = PBXFileReference; lastKnownFileType = sourcecode.swift; path = RegisterRouterInput.swift; sourceTree = "<group>"; };
		ECB62F4620209A4A009C85FE /* RegisterRouter.swift */ = {isa = PBXFileReference; lastKnownFileType = sourcecode.swift; path = RegisterRouter.swift; sourceTree = "<group>"; };
		ECB62F4820209BDB009C85FE /* RegisterViewController.swift */ = {isa = PBXFileReference; lastKnownFileType = sourcecode.swift; path = RegisterViewController.swift; sourceTree = "<group>"; };
		ECB62F4A20209CAD009C85FE /* RegisterInteractor.swift */ = {isa = PBXFileReference; lastKnownFileType = sourcecode.swift; path = RegisterInteractor.swift; sourceTree = "<group>"; };
		ECB62F4C20209CDD009C85FE /* RegisterPresenter.swift */ = {isa = PBXFileReference; lastKnownFileType = sourcecode.swift; path = RegisterPresenter.swift; sourceTree = "<group>"; };
		ECB62F5020209D1C009C85FE /* RegisterPresenterFactory.swift */ = {isa = PBXFileReference; lastKnownFileType = sourcecode.swift; path = RegisterPresenterFactory.swift; sourceTree = "<group>"; };
		ECB62F5220209EA4009C85FE /* RegisterInteractorFactory.swift */ = {isa = PBXFileReference; lastKnownFileType = sourcecode.swift; path = RegisterInteractorFactory.swift; sourceTree = "<group>"; };
		ECB62F5420209EDD009C85FE /* RegisterRouterFactory.swift */ = {isa = PBXFileReference; lastKnownFileType = sourcecode.swift; path = RegisterRouterFactory.swift; sourceTree = "<group>"; };
		ECB62F572020A502009C85FE /* ValidateString.swift */ = {isa = PBXFileReference; lastKnownFileType = sourcecode.swift; path = ValidateString.swift; sourceTree = "<group>"; };
		ECB62F5C2020B07D009C85FE /* Injectable.swift */ = {isa = PBXFileReference; lastKnownFileType = sourcecode.swift; path = Injectable.swift; sourceTree = "<group>"; };
		ECB62F5F2020B6FC009C85FE /* HomeTableViewCell.swift */ = {isa = PBXFileReference; lastKnownFileType = sourcecode.swift; path = HomeTableViewCell.swift; sourceTree = "<group>"; };
		ECB62F602020B6FC009C85FE /* HomeTableViewCell.xib */ = {isa = PBXFileReference; lastKnownFileType = file.xib; path = HomeTableViewCell.xib; sourceTree = "<group>"; };
		ECB62F642020BA7D009C85FE /* TableDataSource.swift */ = {isa = PBXFileReference; lastKnownFileType = sourcecode.swift; path = TableDataSource.swift; sourceTree = "<group>"; };
		ECB62F662020BAA1009C85FE /* ViewCellHandler.swift */ = {isa = PBXFileReference; lastKnownFileType = sourcecode.swift; path = ViewCellHandler.swift; sourceTree = "<group>"; };
		ECB62F692020BAEA009C85FE /* Identifiable.swift */ = {isa = PBXFileReference; lastKnownFileType = sourcecode.swift; path = Identifiable.swift; sourceTree = "<group>"; };
		ECB62F6C20212D2F009C85FE /* HomeRouter.swift */ = {isa = PBXFileReference; lastKnownFileType = sourcecode.swift; path = HomeRouter.swift; sourceTree = "<group>"; };
		ECB62F6E20212D4A009C85FE /* HomeRouterInput.swift */ = {isa = PBXFileReference; lastKnownFileType = sourcecode.swift; path = HomeRouterInput.swift; sourceTree = "<group>"; };
		ECB62F7220212EAC009C85FE /* DrawViewController.swift */ = {isa = PBXFileReference; lastKnownFileType = sourcecode.swift; path = DrawViewController.swift; sourceTree = "<group>"; };
		ECB62F7520212EDD009C85FE /* UserListViewController.swift */ = {isa = PBXFileReference; lastKnownFileType = sourcecode.swift; path = UserListViewController.swift; sourceTree = "<group>"; };
		ECB62F7820213053009C85FE /* ItemHomeType.swift */ = {isa = PBXFileReference; lastKnownFileType = sourcecode.swift; path = ItemHomeType.swift; sourceTree = "<group>"; };
		ECB62F7A2021331D009C85FE /* HomeRouterFactory.swift */ = {isa = PBXFileReference; lastKnownFileType = sourcecode.swift; path = HomeRouterFactory.swift; sourceTree = "<group>"; };
		ECB62F7C2021336E009C85FE /* HomeNavigationControllerFactory.swift */ = {isa = PBXFileReference; lastKnownFileType = sourcecode.swift; path = HomeNavigationControllerFactory.swift; sourceTree = "<group>"; };
		ECB62F7F2021348F009C85FE /* DrawViewControllerFactory.swift */ = {isa = PBXFileReference; lastKnownFileType = sourcecode.swift; path = DrawViewControllerFactory.swift; sourceTree = "<group>"; };
		ECB62F8220213543009C85FE /* UserListViewControllerFactory.swift */ = {isa = PBXFileReference; lastKnownFileType = sourcecode.swift; path = UserListViewControllerFactory.swift; sourceTree = "<group>"; };
		ECB62F8820213918009C85FE /* UserListDataManager.swift */ = {isa = PBXFileReference; lastKnownFileType = sourcecode.swift; path = UserListDataManager.swift; sourceTree = "<group>"; };
		ECB62F8A2021392B009C85FE /* UserListDataManagerType.swift */ = {isa = PBXFileReference; lastKnownFileType = sourcecode.swift; path = UserListDataManagerType.swift; sourceTree = "<group>"; };
		ECB62F8C20213B8A009C85FE /* UserListDataManagerFactory.swift */ = {isa = PBXFileReference; lastKnownFileType = sourcecode.swift; path = UserListDataManagerFactory.swift; sourceTree = "<group>"; };
		ECB62F8E20213BF9009C85FE /* UserListPresenter.swift */ = {isa = PBXFileReference; lastKnownFileType = sourcecode.swift; path = UserListPresenter.swift; sourceTree = "<group>"; };
		ECB62F9020213C33009C85FE /* UserListPresenterFactory.swift */ = {isa = PBXFileReference; lastKnownFileType = sourcecode.swift; path = UserListPresenterFactory.swift; sourceTree = "<group>"; };
		ECB62F9220213CF5009C85FE /* UserListInteractor.swift */ = {isa = PBXFileReference; lastKnownFileType = sourcecode.swift; path = UserListInteractor.swift; sourceTree = "<group>"; };
		ECB62F9420213E10009C85FE /* UserListInteractorFactory.swift */ = {isa = PBXFileReference; lastKnownFileType = sourcecode.swift; path = UserListInteractorFactory.swift; sourceTree = "<group>"; };
		ECB62F9620214165009C85FE /* UserTableViewCell.swift */ = {isa = PBXFileReference; lastKnownFileType = sourcecode.swift; path = UserTableViewCell.swift; sourceTree = "<group>"; };
		ECB62F9720214165009C85FE /* UserTableViewCell.xib */ = {isa = PBXFileReference; lastKnownFileType = file.xib; path = UserTableViewCell.xib; sourceTree = "<group>"; };
		ECB62F9C2021497A009C85FE /* UIViewController+Keyboard.swift */ = {isa = PBXFileReference; lastKnownFileType = sourcecode.swift; path = "UIViewController+Keyboard.swift"; sourceTree = "<group>"; };
		ECB62FA620217841009C85FE /* DrawingPersistable.swift */ = {isa = PBXFileReference; lastKnownFileType = sourcecode.swift; path = DrawingPersistable.swift; sourceTree = "<group>"; };
		ECB62FAB20217938009C85FE /* DrawingDataManagerType.swift */ = {isa = PBXFileReference; lastKnownFileType = sourcecode.swift; path = DrawingDataManagerType.swift; sourceTree = "<group>"; };
		ECB62FAD20217960009C85FE /* Drawing.swift */ = {isa = PBXFileReference; lastKnownFileType = sourcecode.swift; path = Drawing.swift; sourceTree = "<group>"; };
		ECB62FAF20217A5E009C85FE /* DrawingDataManager.swift */ = {isa = PBXFileReference; lastKnownFileType = sourcecode.swift; path = DrawingDataManager.swift; sourceTree = "<group>"; };
		ECB62FB220218075009C85FE /* DataSession.swift */ = {isa = PBXFileReference; lastKnownFileType = sourcecode.swift; path = DataSession.swift; sourceTree = "<group>"; };
		ECB62FB720226B2A009C85FE /* UIImage+Data.swift */ = {isa = PBXFileReference; lastKnownFileType = sourcecode.swift; path = "UIImage+Data.swift"; sourceTree = "<group>"; };
		ECB62FBB20226EDC009C85FE /* DrawPresenter.swift */ = {isa = PBXFileReference; lastKnownFileType = sourcecode.swift; path = DrawPresenter.swift; sourceTree = "<group>"; };
		ECB62FBD20226F25009C85FE /* DrawInteractor.swift */ = {isa = PBXFileReference; lastKnownFileType = sourcecode.swift; path = DrawInteractor.swift; sourceTree = "<group>"; };
		ECB62FBF20227127009C85FE /* DrawInteractorFactory.swift */ = {isa = PBXFileReference; lastKnownFileType = sourcecode.swift; path = DrawInteractorFactory.swift; sourceTree = "<group>"; };
		ECB62FC120227135009C85FE /* DrawPresenterFactory.swift */ = {isa = PBXFileReference; lastKnownFileType = sourcecode.swift; path = DrawPresenterFactory.swift; sourceTree = "<group>"; };
		ECB62FC3202271C7009C85FE /* DrawingDataManagerFactory.swift */ = {isa = PBXFileReference; lastKnownFileType = sourcecode.swift; path = DrawingDataManagerFactory.swift; sourceTree = "<group>"; };
/* End PBXFileReference section */

/* Begin PBXFrameworksBuildPhase section */
		ECB62E8920202198009C85FE /* Frameworks */ = {
			isa = PBXFrameworksBuildPhase;
			buildActionMask = 2147483647;
			files = (
			);
			runOnlyForDeploymentPostprocessing = 0;
		};
		ECB62EA020202198009C85FE /* Frameworks */ = {
			isa = PBXFrameworksBuildPhase;
			buildActionMask = 2147483647;
			files = (
			);
			runOnlyForDeploymentPostprocessing = 0;
		};
/* End PBXFrameworksBuildPhase section */

/* Begin PBXGroup section */
		ECB62E8320202198009C85FE = {
			isa = PBXGroup;
			children = (
				ECB62E8E20202198009C85FE /* Usuarios */,
				ECB62EA620202198009C85FE /* UsuariosTests */,
				ECB62E8D20202198009C85FE /* Products */,
			);
			sourceTree = "<group>";
		};
		ECB62E8D20202198009C85FE /* Products */ = {
			isa = PBXGroup;
			children = (
				ECB62E8C20202198009C85FE /* Usuarios.app */,
				ECB62EA320202198009C85FE /* UsuariosTests.xctest */,
			);
			name = Products;
			sourceTree = "<group>";
		};
		ECB62E8E20202198009C85FE /* Usuarios */ = {
			isa = PBXGroup;
			children = (
				ECB62EFC20204BCF009C85FE /* Persistence */,
				ECB62EC120203514009C85FE /* Application */,
				ECB62EB220202BB8009C85FE /* Common */,
				ECB62F5E2020B689009C85FE /* Xib */,
				ECB62EB420202BDA009C85FE /* Storyboard */,
				ECB62EB320202BBF009C85FE /* Entities */,
				ECB62E8F20202198009C85FE /* AppDelegate.swift */,
				ECB62E9920202198009C85FE /* Assets.xcassets */,
				ECB62E9B20202198009C85FE /* LaunchScreen.storyboard */,
				ECB62E9E20202198009C85FE /* Info.plist */,
				ECB62E9620202198009C85FE /* Usuarios.xcdatamodeld */,
			);
			path = Usuarios;
			sourceTree = "<group>";
		};
		ECB62EA620202198009C85FE /* UsuariosTests */ = {
			isa = PBXGroup;
			children = (
				ECB62EA720202198009C85FE /* UsuariosTests.swift */,
				ECB62EA920202198009C85FE /* Info.plist */,
			);
			path = UsuariosTests;
			sourceTree = "<group>";
		};
		ECB62EB220202BB8009C85FE /* Common */ = {
			isa = PBXGroup;
			children = (
				ECB62FB12021805F009C85FE /* Session */,
				ECB62F682020BADF009C85FE /* Identifiable */,
				ECB62F632020BA70009C85FE /* DataSource */,
				ECB62F5B2020B06A009C85FE /* Injectable */,
				ECB62F562020A4F1009C85FE /* Validate */,
				ECB62F3B202094B8009C85FE /* View */,
				ECB62F23202069F8009C85FE /* Extension */,
			);
			path = Common;
			sourceTree = "<group>";
		};
		ECB62EB320202BBF009C85FE /* Entities */ = {
			isa = PBXGroup;
			children = (
				ECB62F1120205329009C85FE /* CoreData */,
				ECB62F1C2020687B009C85FE /* User.swift */,
				ECB62FAD20217960009C85FE /* Drawing.swift */,
			);
			path = Entities;
			sourceTree = "<group>";
		};
		ECB62EB420202BDA009C85FE /* Storyboard */ = {
			isa = PBXGroup;
			children = (
				ECB62EB520202C7A009C85FE /* Authenticate.storyboard */,
				ECB62EB7202032AC009C85FE /* Home.storyboard */,
				ECB62EB9202032BF009C85FE /* Draw.storyboard */,
				ECB62EBB202032D0009C85FE /* Users.storyboard */,
			);
			path = Storyboard;
			sourceTree = "<group>";
		};
		ECB62EBD20203480009C85FE /* Authenticate */ = {
			isa = PBXGroup;
			children = (
				ECB62F0420204ED9009C85FE /* DataManager */,
				ECB62F2A20207F54009C85FE /* Wireframe */,
				ECB62F2820207EFA009C85FE /* Presenter */,
				ECB62F2920207F33009C85FE /* Interactor */,
				ECB62EC92020389C009C85FE /* Controllers */,
				ECB62ECF20203A3D009C85FE /* Factories */,
			);
			path = Authenticate;
			sourceTree = "<group>";
		};
		ECB62EBE20203488009C85FE /* Home */ = {
			isa = PBXGroup;
			children = (
				ECB62F7720213043009C85FE /* ItemHome */,
				ECB62F6B20212D03009C85FE /* Wireframe */,
				ECB62ECA202038A4009C85FE /* Controllers */,
				ECB62ED220203A8B009C85FE /* Factories */,
			);
			path = Home;
			sourceTree = "<group>";
		};
		ECB62EBF20203490009C85FE /* Draw */ = {
			isa = PBXGroup;
			children = (
				ECB62F7120212E71009C85FE /* Controllers */,
				ECB62FBA20226EBD009C85FE /* Presenter */,
				ECB62FB920226E97009C85FE /* Interactor */,
				ECB62FAA2021790D009C85FE /* DataManager */,
				ECB62F7E20213467009C85FE /* Factories */,
			);
			path = Draw;
			sourceTree = "<group>";
		};
		ECB62EC02020349E009C85FE /* UserList */ = {
			isa = PBXGroup;
			children = (
				ECB62F8720213904009C85FE /* DataBase */,
				ECB62F86202138F4009C85FE /* Presenter */,
				ECB62F85202138DB009C85FE /* Interactor */,
				ECB62F7420212EC5009C85FE /* Controllers */,
				ECB62F8120213530009C85FE /* Factories */,
			);
			path = UserList;
			sourceTree = "<group>";
		};
		ECB62EC120203514009C85FE /* Application */ = {
			isa = PBXGroup;
			children = (
				ECB62EC220203707009C85FE /* Wireframe */,
				ECB62EBD20203480009C85FE /* Authenticate */,
				ECB62EBE20203488009C85FE /* Home */,
				ECB62EBF20203490009C85FE /* Draw */,
				ECB62EC02020349E009C85FE /* UserList */,
			);
			path = Application;
			sourceTree = "<group>";
		};
		ECB62EC220203707009C85FE /* Wireframe */ = {
			isa = PBXGroup;
			children = (
				ECB62EC72020379B009C85FE /* SessionRouterInput.swift */,
				ECB62EC52020375D009C85FE /* SessionRouter.swift */,
				ECB62ED520203BA0009C85FE /* Factories */,
			);
			path = Wireframe;
			sourceTree = "<group>";
		};
		ECB62EC92020389C009C85FE /* Controllers */ = {
			isa = PBXGroup;
			children = (
				ECB62ECB202038BF009C85FE /* LoginViewController.swift */,
				ECB62F4820209BDB009C85FE /* RegisterViewController.swift */,
			);
			path = Controllers;
			sourceTree = "<group>";
		};
		ECB62ECA202038A4009C85FE /* Controllers */ = {
			isa = PBXGroup;
			children = (
				ECB62ECD202038CB009C85FE /* HomeViewController.swift */,
			);
			path = Controllers;
			sourceTree = "<group>";
		};
		ECB62ECF20203A3D009C85FE /* Factories */ = {
			isa = PBXGroup;
			children = (
				ECB62F33202086AB009C85FE /* LoginPresenterFactory.swift */,
				ECB62F2F20208557009C85FE /* LoginRouterFactory.swift */,
				ECB62ED020203A5B009C85FE /* LoginViewControllerFactory.swift */,
				ECB62F3720208918009C85FE /* LoginInteractorFactory.swift */,
				ECB62F3920208C31009C85FE /* LoginDataManagerFactory.swift */,
				ECB62F4220209980009C85FE /* RegisterDataManagerFactory.swift */,
				ECB62F5020209D1C009C85FE /* RegisterPresenterFactory.swift */,
				ECB62F5220209EA4009C85FE /* RegisterInteractorFactory.swift */,
				ECB62F5420209EDD009C85FE /* RegisterRouterFactory.swift */,
			);
			path = Factories;
			sourceTree = "<group>";
		};
		ECB62ED220203A8B009C85FE /* Factories */ = {
			isa = PBXGroup;
			children = (
				ECB62F7A2021331D009C85FE /* HomeRouterFactory.swift */,
				ECB62F7C2021336E009C85FE /* HomeNavigationControllerFactory.swift */,
			);
			path = Factories;
			sourceTree = "<group>";
		};
		ECB62ED520203BA0009C85FE /* Factories */ = {
			isa = PBXGroup;
			children = (
				ECB62ED620203BB3009C85FE /* SessionRouterFactory.swift */,
			);
			path = Factories;
			sourceTree = "<group>";
		};
		ECB62EFC20204BCF009C85FE /* Persistence */ = {
			isa = PBXGroup;
			children = (
				ECB62EFF20204C8D009C85FE /* UsuariosDataManager.swift */,
				ECB62F2620206BF2009C85FE /* ResultData.swift */,
				ECB62F0120204D3D009C85FE /* Factories */,
			);
			path = Persistence;
			sourceTree = "<group>";
		};
		ECB62F0120204D3D009C85FE /* Factories */ = {
			isa = PBXGroup;
			children = (
				ECB62F0220204D4B009C85FE /* UsuariosDataManagerFactory.swift */,
				ECB62F2120206900009C85FE /* ErrorType.swift */,
			);
			path = Factories;
			sourceTree = "<group>";
		};
		ECB62F0420204ED9009C85FE /* DataManager */ = {
			isa = PBXGroup;
			children = (
				ECB62F092020506E009C85FE /* LoginDataManagerType.swift */,
				ECB62F0B2020508F009C85FE /* LoginDataManager.swift */,
				ECB62F3E202097A2009C85FE /* RegisterDataManagerType.swift */,
				ECB62F40202097CB009C85FE /* RegisterDataManager.swift */,
			);
			path = DataManager;
			sourceTree = "<group>";
		};
		ECB62F1120205329009C85FE /* CoreData */ = {
			isa = PBXGroup;
			children = (
				ECB62FA620217841009C85FE /* DrawingPersistable.swift */,
				ECB62F1A2020671A009C85FE /* UserPersistable.swift */,
			);
			path = CoreData;
			sourceTree = "<group>";
		};
		ECB62F23202069F8009C85FE /* Extension */ = {
			isa = PBXGroup;
			children = (
				ECB62F2420206A0C009C85FE /* String+Constants.swift */,
				ECB62F9C2021497A009C85FE /* UIViewController+Keyboard.swift */,
				ECB62FB720226B2A009C85FE /* UIImage+Data.swift */,
			);
			path = Extension;
			sourceTree = "<group>";
		};
		ECB62F2820207EFA009C85FE /* Presenter */ = {
			isa = PBXGroup;
			children = (
				ECB62F3120208607009C85FE /* LoginPresenter.swift */,
				ECB62F4C20209CDD009C85FE /* RegisterPresenter.swift */,
			);
			path = Presenter;
			sourceTree = "<group>";
		};
		ECB62F2920207F33009C85FE /* Interactor */ = {
			isa = PBXGroup;
			children = (
				ECB62F3520208775009C85FE /* LoginInteractor.swift */,
				ECB62F4A20209CAD009C85FE /* RegisterInteractor.swift */,
			);
			path = Interactor;
			sourceTree = "<group>";
		};
		ECB62F2A20207F54009C85FE /* Wireframe */ = {
			isa = PBXGroup;
			children = (
				ECB62F2D20208148009C85FE /* LoginRouterInput.swift */,
				ECB62F2B20208021009C85FE /* LoginRouter.swift */,
				ECB62F4420209A3D009C85FE /* RegisterRouterInput.swift */,
				ECB62F4620209A4A009C85FE /* RegisterRouter.swift */,
			);
			path = Wireframe;
			sourceTree = "<group>";
		};
		ECB62F3B202094B8009C85FE /* View */ = {
			isa = PBXGroup;
			children = (
				ECB62F3C202094C6009C85FE /* AlertError.swift */,
			);
			path = View;
			sourceTree = "<group>";
		};
		ECB62F562020A4F1009C85FE /* Validate */ = {
			isa = PBXGroup;
			children = (
				ECB62F572020A502009C85FE /* ValidateString.swift */,
			);
			path = Validate;
			sourceTree = "<group>";
		};
		ECB62F5B2020B06A009C85FE /* Injectable */ = {
			isa = PBXGroup;
			children = (
				ECB62F5C2020B07D009C85FE /* Injectable.swift */,
			);
			path = Injectable;
			sourceTree = "<group>";
		};
		ECB62F5E2020B689009C85FE /* Xib */ = {
			isa = PBXGroup;
			children = (
				ECB62F5F2020B6FC009C85FE /* HomeTableViewCell.swift */,
				ECB62F602020B6FC009C85FE /* HomeTableViewCell.xib */,
				ECB62F9620214165009C85FE /* UserTableViewCell.swift */,
				ECB62F9720214165009C85FE /* UserTableViewCell.xib */,
			);
			path = Xib;
			sourceTree = "<group>";
		};
		ECB62F632020BA70009C85FE /* DataSource */ = {
			isa = PBXGroup;
			children = (
				ECB62F642020BA7D009C85FE /* TableDataSource.swift */,
				ECB62F662020BAA1009C85FE /* ViewCellHandler.swift */,
			);
			path = DataSource;
			sourceTree = "<group>";
		};
		ECB62F682020BADF009C85FE /* Identifiable */ = {
			isa = PBXGroup;
			children = (
				ECB62F692020BAEA009C85FE /* Identifiable.swift */,
			);
			path = Identifiable;
			sourceTree = "<group>";
		};
		ECB62F6B20212D03009C85FE /* Wireframe */ = {
			isa = PBXGroup;
			children = (
				ECB62F6E20212D4A009C85FE /* HomeRouterInput.swift */,
				ECB62F6C20212D2F009C85FE /* HomeRouter.swift */,
			);
			path = Wireframe;
			sourceTree = "<group>";
		};
		ECB62F7120212E71009C85FE /* Controllers */ = {
			isa = PBXGroup;
			children = (
				ECB62F7220212EAC009C85FE /* DrawViewController.swift */,
			);
			path = Controllers;
			sourceTree = "<group>";
		};
		ECB62F7420212EC5009C85FE /* Controllers */ = {
			isa = PBXGroup;
			children = (
				ECB62F7520212EDD009C85FE /* UserListViewController.swift */,
			);
			path = Controllers;
			sourceTree = "<group>";
		};
		ECB62F7720213043009C85FE /* ItemHome */ = {
			isa = PBXGroup;
			children = (
				ECB62F7820213053009C85FE /* ItemHomeType.swift */,
			);
			path = ItemHome;
			sourceTree = "<group>";
		};
		ECB62F7E20213467009C85FE /* Factories */ = {
			isa = PBXGroup;
			children = (
				ECB62F7F2021348F009C85FE /* DrawViewControllerFactory.swift */,
				ECB62FBF20227127009C85FE /* DrawInteractorFactory.swift */,
				ECB62FC120227135009C85FE /* DrawPresenterFactory.swift */,
				ECB62FC3202271C7009C85FE /* DrawingDataManagerFactory.swift */,
			);
			path = Factories;
			sourceTree = "<group>";
		};
		ECB62F8120213530009C85FE /* Factories */ = {
			isa = PBXGroup;
			children = (
				ECB62F8220213543009C85FE /* UserListViewControllerFactory.swift */,
				ECB62F8C20213B8A009C85FE /* UserListDataManagerFactory.swift */,
				ECB62F9020213C33009C85FE /* UserListPresenterFactory.swift */,
				ECB62F9420213E10009C85FE /* UserListInteractorFactory.swift */,
			);
			path = Factories;
			sourceTree = "<group>";
		};
		ECB62F85202138DB009C85FE /* Interactor */ = {
			isa = PBXGroup;
			children = (
				ECB62F9220213CF5009C85FE /* UserListInteractor.swift */,
			);
			path = Interactor;
			sourceTree = "<group>";
		};
		ECB62F86202138F4009C85FE /* Presenter */ = {
			isa = PBXGroup;
			children = (
				ECB62F8E20213BF9009C85FE /* UserListPresenter.swift */,
			);
			path = Presenter;
			sourceTree = "<group>";
		};
		ECB62F8720213904009C85FE /* DataBase */ = {
			isa = PBXGroup;
			children = (
				ECB62F8A2021392B009C85FE /* UserListDataManagerType.swift */,
				ECB62F8820213918009C85FE /* UserListDataManager.swift */,
			);
			path = DataBase;
			sourceTree = "<group>";
		};
		ECB62FAA2021790D009C85FE /* DataManager */ = {
			isa = PBXGroup;
			children = (
				ECB62FAB20217938009C85FE /* DrawingDataManagerType.swift */,
				ECB62FAF20217A5E009C85FE /* DrawingDataManager.swift */,
			);
			path = DataManager;
			sourceTree = "<group>";
		};
		ECB62FB12021805F009C85FE /* Session */ = {
			isa = PBXGroup;
			children = (
				ECB62FB220218075009C85FE /* DataSession.swift */,
			);
			path = Session;
			sourceTree = "<group>";
		};
		ECB62FB920226E97009C85FE /* Interactor */ = {
			isa = PBXGroup;
			children = (
				ECB62FBD20226F25009C85FE /* DrawInteractor.swift */,
			);
			path = Interactor;
			sourceTree = "<group>";
		};
		ECB62FBA20226EBD009C85FE /* Presenter */ = {
			isa = PBXGroup;
			children = (
				ECB62FBB20226EDC009C85FE /* DrawPresenter.swift */,
			);
			path = Presenter;
			sourceTree = "<group>";
		};
/* End PBXGroup section */

/* Begin PBXNativeTarget section */
		ECB62E8B20202198009C85FE /* Usuarios */ = {
			isa = PBXNativeTarget;
			buildConfigurationList = ECB62EAC20202198009C85FE /* Build configuration list for PBXNativeTarget "Usuarios" */;
			buildPhases = (
				ECB62E8820202198009C85FE /* Sources */,
				ECB62E8920202198009C85FE /* Frameworks */,
				ECB62E8A20202198009C85FE /* Resources */,
			);
			buildRules = (
			);
			dependencies = (
			);
			name = Usuarios;
			productName = Usuarios;
			productReference = ECB62E8C20202198009C85FE /* Usuarios.app */;
			productType = "com.apple.product-type.application";
		};
		ECB62EA220202198009C85FE /* UsuariosTests */ = {
			isa = PBXNativeTarget;
			buildConfigurationList = ECB62EAF20202198009C85FE /* Build configuration list for PBXNativeTarget "UsuariosTests" */;
			buildPhases = (
				ECB62E9F20202198009C85FE /* Sources */,
				ECB62EA020202198009C85FE /* Frameworks */,
				ECB62EA120202198009C85FE /* Resources */,
			);
			buildRules = (
			);
			dependencies = (
				ECB62EA520202198009C85FE /* PBXTargetDependency */,
			);
			name = UsuariosTests;
			productName = UsuariosTests;
			productReference = ECB62EA320202198009C85FE /* UsuariosTests.xctest */;
			productType = "com.apple.product-type.bundle.unit-test";
		};
/* End PBXNativeTarget section */

/* Begin PBXProject section */
		ECB62E8420202198009C85FE /* Project object */ = {
			isa = PBXProject;
			attributes = {
				LastSwiftUpdateCheck = 0920;
				LastUpgradeCheck = 0920;
				ORGANIZATIONNAME = "Lázaro Lima dos Santos";
				TargetAttributes = {
					ECB62E8B20202198009C85FE = {
						CreatedOnToolsVersion = 9.2;
						ProvisioningStyle = Automatic;
					};
					ECB62EA220202198009C85FE = {
						CreatedOnToolsVersion = 9.2;
						ProvisioningStyle = Automatic;
						TestTargetID = ECB62E8B20202198009C85FE;
					};
				};
			};
			buildConfigurationList = ECB62E8720202198009C85FE /* Build configuration list for PBXProject "Usuarios" */;
			compatibilityVersion = "Xcode 8.0";
			developmentRegion = en;
			hasScannedForEncodings = 0;
			knownRegions = (
				en,
				Base,
			);
			mainGroup = ECB62E8320202198009C85FE;
			productRefGroup = ECB62E8D20202198009C85FE /* Products */;
			projectDirPath = "";
			projectRoot = "";
			targets = (
				ECB62E8B20202198009C85FE /* Usuarios */,
				ECB62EA220202198009C85FE /* UsuariosTests */,
			);
		};
/* End PBXProject section */

/* Begin PBXResourcesBuildPhase section */
		ECB62E8A20202198009C85FE /* Resources */ = {
			isa = PBXResourcesBuildPhase;
			buildActionMask = 2147483647;
			files = (
				ECB62F9920214165009C85FE /* UserTableViewCell.xib in Resources */,
				ECB62E9D20202198009C85FE /* LaunchScreen.storyboard in Resources */,
				ECB62F622020B6FC009C85FE /* HomeTableViewCell.xib in Resources */,
				ECB62E9A20202198009C85FE /* Assets.xcassets in Resources */,
				ECB62EB620202C7A009C85FE /* Authenticate.storyboard in Resources */,
				ECB62EBC202032D0009C85FE /* Users.storyboard in Resources */,
				ECB62EBA202032BF009C85FE /* Draw.storyboard in Resources */,
				ECB62EB8202032AC009C85FE /* Home.storyboard in Resources */,
			);
			runOnlyForDeploymentPostprocessing = 0;
		};
		ECB62EA120202198009C85FE /* Resources */ = {
			isa = PBXResourcesBuildPhase;
			buildActionMask = 2147483647;
			files = (
			);
			runOnlyForDeploymentPostprocessing = 0;
		};
/* End PBXResourcesBuildPhase section */

/* Begin PBXSourcesBuildPhase section */
		ECB62E8820202198009C85FE /* Sources */ = {
			isa = PBXSourcesBuildPhase;
			buildActionMask = 2147483647;
			files = (
				ECB62F7620212EDD009C85FE /* UserListViewController.swift in Sources */,
				ECB62F7320212EAC009C85FE /* DrawViewController.swift in Sources */,
				ECB62F8920213918009C85FE /* UserListDataManager.swift in Sources */,
				ECB62F9D2021497A009C85FE /* UIViewController+Keyboard.swift in Sources */,
				ECB62EC62020375D009C85FE /* SessionRouter.swift in Sources */,
				ECB62F8F20213BF9009C85FE /* UserListPresenter.swift in Sources */,
				ECB62F0320204D4B009C85FE /* UsuariosDataManagerFactory.swift in Sources */,
				ECB62F2220206900009C85FE /* ErrorType.swift in Sources */,
				ECB62F2E20208148009C85FE /* LoginRouterInput.swift in Sources */,
				ECB62FAE20217960009C85FE /* Drawing.swift in Sources */,
				ECB62F6F20212D4A009C85FE /* HomeRouterInput.swift in Sources */,
				ECB62F3220208607009C85FE /* LoginPresenter.swift in Sources */,
				ECB62F0A2020506E009C85FE /* LoginDataManagerType.swift in Sources */,
				ECB62ED720203BB3009C85FE /* SessionRouterFactory.swift in Sources */,
				ECB62F9820214165009C85FE /* UserTableViewCell.swift in Sources */,
				ECB62F8D20213B8A009C85FE /* UserListDataManagerFactory.swift in Sources */,
				ECB62F4520209A3D009C85FE /* RegisterRouterInput.swift in Sources */,
				ECB62E9820202198009C85FE /* Usuarios.xcdatamodeld in Sources */,
				ECB62F3620208775009C85FE /* LoginInteractor.swift in Sources */,
				ECB62F6D20212D2F009C85FE /* HomeRouter.swift in Sources */,
				ECB62E9020202198009C85FE /* AppDelegate.swift in Sources */,
				ECB62F4920209BDB009C85FE /* RegisterViewController.swift in Sources */,
				ECB62F9320213CF5009C85FE /* UserListInteractor.swift in Sources */,
				ECB62F6A2020BAEA009C85FE /* Identifiable.swift in Sources */,
				ECB62F3D202094C6009C85FE /* AlertError.swift in Sources */,
				ECB62F3F202097A2009C85FE /* RegisterDataManagerType.swift in Sources */,
				ECB62F802021348F009C85FE /* DrawViewControllerFactory.swift in Sources */,
				ECB62FAC20217938009C85FE /* DrawingDataManagerType.swift in Sources */,
				ECB62F3A20208C31009C85FE /* LoginDataManagerFactory.swift in Sources */,
				ECB62F5D2020B07D009C85FE /* Injectable.swift in Sources */,
				ECB62F2720206BF2009C85FE /* ResultData.swift in Sources */,
				ECB62F7B2021331D009C85FE /* HomeRouterFactory.swift in Sources */,
				ECB62F0C2020508F009C85FE /* LoginDataManager.swift in Sources */,
				ECB62FB320218075009C85FE /* DataSession.swift in Sources */,
				ECB62F8B2021392B009C85FE /* UserListDataManagerType.swift in Sources */,
				ECB62F1D2020687B009C85FE /* User.swift in Sources */,
				ECB62F9120213C33009C85FE /* UserListPresenterFactory.swift in Sources */,
				ECB62FB820226B2A009C85FE /* UIImage+Data.swift in Sources */,
				ECB62F5320209EA4009C85FE /* RegisterInteractorFactory.swift in Sources */,
				ECB62ECC202038BF009C85FE /* LoginViewController.swift in Sources */,
				ECB62F2520206A0C009C85FE /* String+Constants.swift in Sources */,
				ECB62F0020204C8D009C85FE /* UsuariosDataManager.swift in Sources */,
				ECB62F5120209D1C009C85FE /* RegisterPresenterFactory.swift in Sources */,
				ECB62F672020BAA1009C85FE /* ViewCellHandler.swift in Sources */,
				ECB62FBC20226EDC009C85FE /* DrawPresenter.swift in Sources */,
				ECB62F4720209A4A009C85FE /* RegisterRouter.swift in Sources */,
				ECB62FA820217841009C85FE /* DrawingPersistable.swift in Sources */,
				ECB62F4B20209CAD009C85FE /* RegisterInteractor.swift in Sources */,
				ECB62F7920213053009C85FE /* ItemHomeType.swift in Sources */,
				ECB62F3820208918009C85FE /* LoginInteractorFactory.swift in Sources */,
				ECB62F34202086AB009C85FE /* LoginPresenterFactory.swift in Sources */,
				ECB62F41202097CB009C85FE /* RegisterDataManager.swift in Sources */,
				ECB62F612020B6FC009C85FE /* HomeTableViewCell.swift in Sources */,
				ECB62F652020BA7D009C85FE /* TableDataSource.swift in Sources */,
				ECB62F2C20208021009C85FE /* LoginRouter.swift in Sources */,
				ECB62F7D2021336E009C85FE /* HomeNavigationControllerFactory.swift in Sources */,
				ECB62F9520213E10009C85FE /* UserListInteractorFactory.swift in Sources */,
				ECB62ED120203A5B009C85FE /* LoginViewControllerFactory.swift in Sources */,
				ECB62FC220227135009C85FE /* DrawPresenterFactory.swift in Sources */,
				ECB62F8320213543009C85FE /* UserListViewControllerFactory.swift in Sources */,
				ECB62F3020208557009C85FE /* LoginRouterFactory.swift in Sources */,
				ECB62F5520209EDD009C85FE /* RegisterRouterFactory.swift in Sources */,
				ECB62F582020A502009C85FE /* ValidateString.swift in Sources */,
				ECB62F4D20209CDD009C85FE /* RegisterPresenter.swift in Sources */,
				ECB62EC82020379B009C85FE /* SessionRouterInput.swift in Sources */,
				ECB62FB020217A5E009C85FE /* DrawingDataManager.swift in Sources */,
				ECB62FC4202271C7009C85FE /* DrawingDataManagerFactory.swift in Sources */,
				ECB62FBE20226F25009C85FE /* DrawInteractor.swift in Sources */,
				ECB62FC020227127009C85FE /* DrawInteractorFactory.swift in Sources */,
				ECB62F1B2020671A009C85FE /* UserPersistable.swift in Sources */,
				ECB62F4320209980009C85FE /* RegisterDataManagerFactory.swift in Sources */,
				ECB62ECE202038CB009C85FE /* HomeViewController.swift in Sources */,
			);
			runOnlyForDeploymentPostprocessing = 0;
		};
		ECB62E9F20202198009C85FE /* Sources */ = {
			isa = PBXSourcesBuildPhase;
			buildActionMask = 2147483647;
			files = (
				ECB62EA820202198009C85FE /* UsuariosTests.swift in Sources */,
			);
			runOnlyForDeploymentPostprocessing = 0;
		};
/* End PBXSourcesBuildPhase section */

/* Begin PBXTargetDependency section */
		ECB62EA520202198009C85FE /* PBXTargetDependency */ = {
			isa = PBXTargetDependency;
			target = ECB62E8B20202198009C85FE /* Usuarios */;
			targetProxy = ECB62EA420202198009C85FE /* PBXContainerItemProxy */;
		};
/* End PBXTargetDependency section */

/* Begin PBXVariantGroup section */
		ECB62E9B20202198009C85FE /* LaunchScreen.storyboard */ = {
			isa = PBXVariantGroup;
			children = (
				ECB62E9C20202198009C85FE /* Base */,
			);
			name = LaunchScreen.storyboard;
			sourceTree = "<group>";
		};
/* End PBXVariantGroup section */

/* Begin XCBuildConfiguration section */
		ECB62EAA20202198009C85FE /* Debug */ = {
			isa = XCBuildConfiguration;
			buildSettings = {
				ALWAYS_SEARCH_USER_PATHS = NO;
				CLANG_ANALYZER_NONNULL = YES;
				CLANG_ANALYZER_NUMBER_OBJECT_CONVERSION = YES_AGGRESSIVE;
				CLANG_CXX_LANGUAGE_STANDARD = "gnu++14";
				CLANG_CXX_LIBRARY = "libc++";
				CLANG_ENABLE_MODULES = YES;
				CLANG_ENABLE_OBJC_ARC = YES;
				CLANG_WARN_BLOCK_CAPTURE_AUTORELEASING = YES;
				CLANG_WARN_BOOL_CONVERSION = YES;
				CLANG_WARN_COMMA = YES;
				CLANG_WARN_CONSTANT_CONVERSION = YES;
				CLANG_WARN_DIRECT_OBJC_ISA_USAGE = YES_ERROR;
				CLANG_WARN_DOCUMENTATION_COMMENTS = YES;
				CLANG_WARN_EMPTY_BODY = YES;
				CLANG_WARN_ENUM_CONVERSION = YES;
				CLANG_WARN_INFINITE_RECURSION = YES;
				CLANG_WARN_INT_CONVERSION = YES;
				CLANG_WARN_NON_LITERAL_NULL_CONVERSION = YES;
				CLANG_WARN_OBJC_LITERAL_CONVERSION = YES;
				CLANG_WARN_OBJC_ROOT_CLASS = YES_ERROR;
				CLANG_WARN_RANGE_LOOP_ANALYSIS = YES;
				CLANG_WARN_STRICT_PROTOTYPES = YES;
				CLANG_WARN_SUSPICIOUS_MOVE = YES;
				CLANG_WARN_UNGUARDED_AVAILABILITY = YES_AGGRESSIVE;
				CLANG_WARN_UNREACHABLE_CODE = YES;
				CLANG_WARN__DUPLICATE_METHOD_MATCH = YES;
				CODE_SIGN_IDENTITY = "iPhone Developer";
				COPY_PHASE_STRIP = NO;
				DEBUG_INFORMATION_FORMAT = dwarf;
				ENABLE_STRICT_OBJC_MSGSEND = YES;
				ENABLE_TESTABILITY = YES;
				GCC_C_LANGUAGE_STANDARD = gnu11;
				GCC_DYNAMIC_NO_PIC = NO;
				GCC_NO_COMMON_BLOCKS = YES;
				GCC_OPTIMIZATION_LEVEL = 0;
				GCC_PREPROCESSOR_DEFINITIONS = (
					"DEBUG=1",
					"$(inherited)",
				);
				GCC_WARN_64_TO_32_BIT_CONVERSION = YES;
				GCC_WARN_ABOUT_RETURN_TYPE = YES_ERROR;
				GCC_WARN_UNDECLARED_SELECTOR = YES;
				GCC_WARN_UNINITIALIZED_AUTOS = YES_AGGRESSIVE;
				GCC_WARN_UNUSED_FUNCTION = YES;
				GCC_WARN_UNUSED_VARIABLE = YES;
				IPHONEOS_DEPLOYMENT_TARGET = 11.2;
				MTL_ENABLE_DEBUG_INFO = YES;
				ONLY_ACTIVE_ARCH = YES;
				SDKROOT = iphoneos;
				SWIFT_ACTIVE_COMPILATION_CONDITIONS = DEBUG;
				SWIFT_OPTIMIZATION_LEVEL = "-Onone";
			};
			name = Debug;
		};
		ECB62EAB20202198009C85FE /* Release */ = {
			isa = XCBuildConfiguration;
			buildSettings = {
				ALWAYS_SEARCH_USER_PATHS = NO;
				CLANG_ANALYZER_NONNULL = YES;
				CLANG_ANALYZER_NUMBER_OBJECT_CONVERSION = YES_AGGRESSIVE;
				CLANG_CXX_LANGUAGE_STANDARD = "gnu++14";
				CLANG_CXX_LIBRARY = "libc++";
				CLANG_ENABLE_MODULES = YES;
				CLANG_ENABLE_OBJC_ARC = YES;
				CLANG_WARN_BLOCK_CAPTURE_AUTORELEASING = YES;
				CLANG_WARN_BOOL_CONVERSION = YES;
				CLANG_WARN_COMMA = YES;
				CLANG_WARN_CONSTANT_CONVERSION = YES;
				CLANG_WARN_DIRECT_OBJC_ISA_USAGE = YES_ERROR;
				CLANG_WARN_DOCUMENTATION_COMMENTS = YES;
				CLANG_WARN_EMPTY_BODY = YES;
				CLANG_WARN_ENUM_CONVERSION = YES;
				CLANG_WARN_INFINITE_RECURSION = YES;
				CLANG_WARN_INT_CONVERSION = YES;
				CLANG_WARN_NON_LITERAL_NULL_CONVERSION = YES;
				CLANG_WARN_OBJC_LITERAL_CONVERSION = YES;
				CLANG_WARN_OBJC_ROOT_CLASS = YES_ERROR;
				CLANG_WARN_RANGE_LOOP_ANALYSIS = YES;
				CLANG_WARN_STRICT_PROTOTYPES = YES;
				CLANG_WARN_SUSPICIOUS_MOVE = YES;
				CLANG_WARN_UNGUARDED_AVAILABILITY = YES_AGGRESSIVE;
				CLANG_WARN_UNREACHABLE_CODE = YES;
				CLANG_WARN__DUPLICATE_METHOD_MATCH = YES;
				CODE_SIGN_IDENTITY = "iPhone Developer";
				COPY_PHASE_STRIP = NO;
				DEBUG_INFORMATION_FORMAT = "dwarf-with-dsym";
				ENABLE_NS_ASSERTIONS = NO;
				ENABLE_STRICT_OBJC_MSGSEND = YES;
				GCC_C_LANGUAGE_STANDARD = gnu11;
				GCC_NO_COMMON_BLOCKS = YES;
				GCC_WARN_64_TO_32_BIT_CONVERSION = YES;
				GCC_WARN_ABOUT_RETURN_TYPE = YES_ERROR;
				GCC_WARN_UNDECLARED_SELECTOR = YES;
				GCC_WARN_UNINITIALIZED_AUTOS = YES_AGGRESSIVE;
				GCC_WARN_UNUSED_FUNCTION = YES;
				GCC_WARN_UNUSED_VARIABLE = YES;
				IPHONEOS_DEPLOYMENT_TARGET = 11.2;
				MTL_ENABLE_DEBUG_INFO = NO;
				SDKROOT = iphoneos;
				SWIFT_OPTIMIZATION_LEVEL = "-Owholemodule";
				VALIDATE_PRODUCT = YES;
			};
			name = Release;
		};
		ECB62EAD20202198009C85FE /* Debug */ = {
			isa = XCBuildConfiguration;
			buildSettings = {
				ASSETCATALOG_COMPILER_APPICON_NAME = AppIcon;
				CODE_SIGN_STYLE = Automatic;
				DEVELOPMENT_TEAM = FTX78TLLU2;
				INFOPLIST_FILE = Usuarios/Info.plist;
				IPHONEOS_DEPLOYMENT_TARGET = 10.0;
				LD_RUNPATH_SEARCH_PATHS = "$(inherited) @executable_path/Frameworks";
				PRODUCT_BUNDLE_IDENTIFIER = Agence.Usuarios;
				PRODUCT_NAME = "$(TARGET_NAME)";
				SWIFT_VERSION = 4.0;
				TARGETED_DEVICE_FAMILY = 1;
			};
			name = Debug;
		};
		ECB62EAE20202198009C85FE /* Release */ = {
			isa = XCBuildConfiguration;
			buildSettings = {
				ASSETCATALOG_COMPILER_APPICON_NAME = AppIcon;
				CODE_SIGN_STYLE = Automatic;
				DEVELOPMENT_TEAM = FTX78TLLU2;
				INFOPLIST_FILE = Usuarios/Info.plist;
				IPHONEOS_DEPLOYMENT_TARGET = 10.0;
				LD_RUNPATH_SEARCH_PATHS = "$(inherited) @executable_path/Frameworks";
				PRODUCT_BUNDLE_IDENTIFIER = Agence.Usuarios;
				PRODUCT_NAME = "$(TARGET_NAME)";
				SWIFT_VERSION = 4.0;
				TARGETED_DEVICE_FAMILY = 1;
			};
			name = Release;
		};
		ECB62EB020202198009C85FE /* Debug */ = {
			isa = XCBuildConfiguration;
			buildSettings = {
				ALWAYS_EMBED_SWIFT_STANDARD_LIBRARIES = YES;
				BUNDLE_LOADER = "$(TEST_HOST)";
				CODE_SIGN_STYLE = Automatic;
				INFOPLIST_FILE = UsuariosTests/Info.plist;
				LD_RUNPATH_SEARCH_PATHS = "$(inherited) @executable_path/Frameworks @loader_path/Frameworks";
				PRODUCT_BUNDLE_IDENTIFIER = Agence.UsuariosTests;
				PRODUCT_NAME = "$(TARGET_NAME)";
				SWIFT_VERSION = 4.0;
				TARGETED_DEVICE_FAMILY = "1,2";
				TEST_HOST = "$(BUILT_PRODUCTS_DIR)/Usuarios.app/Usuarios";
			};
			name = Debug;
		};
		ECB62EB120202198009C85FE /* Release */ = {
			isa = XCBuildConfiguration;
			buildSettings = {
				ALWAYS_EMBED_SWIFT_STANDARD_LIBRARIES = YES;
				BUNDLE_LOADER = "$(TEST_HOST)";
				CODE_SIGN_STYLE = Automatic;
				INFOPLIST_FILE = UsuariosTests/Info.plist;
				LD_RUNPATH_SEARCH_PATHS = "$(inherited) @executable_path/Frameworks @loader_path/Frameworks";
				PRODUCT_BUNDLE_IDENTIFIER = Agence.UsuariosTests;
				PRODUCT_NAME = "$(TARGET_NAME)";
				SWIFT_VERSION = 4.0;
				TARGETED_DEVICE_FAMILY = "1,2";
				TEST_HOST = "$(BUILT_PRODUCTS_DIR)/Usuarios.app/Usuarios";
			};
			name = Release;
		};
/* End XCBuildConfiguration section */

/* Begin XCConfigurationList section */
		ECB62E8720202198009C85FE /* Build configuration list for PBXProject "Usuarios" */ = {
			isa = XCConfigurationList;
			buildConfigurations = (
				ECB62EAA20202198009C85FE /* Debug */,
				ECB62EAB20202198009C85FE /* Release */,
			);
			defaultConfigurationIsVisible = 0;
			defaultConfigurationName = Release;
		};
		ECB62EAC20202198009C85FE /* Build configuration list for PBXNativeTarget "Usuarios" */ = {
			isa = XCConfigurationList;
			buildConfigurations = (
				ECB62EAD20202198009C85FE /* Debug */,
				ECB62EAE20202198009C85FE /* Release */,
			);
			defaultConfigurationIsVisible = 0;
			defaultConfigurationName = Release;
		};
		ECB62EAF20202198009C85FE /* Build configuration list for PBXNativeTarget "UsuariosTests" */ = {
			isa = XCConfigurationList;
			buildConfigurations = (
				ECB62EB020202198009C85FE /* Debug */,
				ECB62EB120202198009C85FE /* Release */,
			);
			defaultConfigurationIsVisible = 0;
			defaultConfigurationName = Release;
		};
/* End XCConfigurationList section */

/* Begin XCVersionGroup section */
		ECB62E9620202198009C85FE /* Usuarios.xcdatamodeld */ = {
			isa = XCVersionGroup;
			children = (
				ECB62E9720202198009C85FE /* Usuarios.xcdatamodel */,
			);
			currentVersion = ECB62E9720202198009C85FE /* Usuarios.xcdatamodel */;
			path = Usuarios.xcdatamodeld;
			sourceTree = "<group>";
			versionGroupType = wrapper.xcdatamodel;
		};
/* End XCVersionGroup section */
	};
	rootObject = ECB62E8420202198009C85FE /* Project object */;
}
